
Microsoft Visual Studio Solution File, Format Version 12.00
# Visual Studio Version 16
VisualStudioVersion = 16.0.31005.135
MinimumVisualStudioVersion = 10.0.40219.1
Project("{9A19103F-16F7-4668-BE54-9A1E7A4F7556}") = "ConsoleApp1", "ConsoleApp1\ConsoleApp1.csproj", "{EC70EE81-DE63-42C2-A23A-DAEEA2BF1EB0}"
EndProject
Project("{9A19103F-16F7-4668-BE54-9A1E7A4F7556}") = "donguler", "donguler\donguler.csproj", "{FBD6F6BB-6759-4EB0-9683-6FF1388FEE42}"
EndProject
Project("{9A19103F-16F7-4668-BE54-9A1E7A4F7556}") = "ClassIntro", "ClassIntro\ClassIntro.csproj", "{4E835D9F-A94F-4FC7-870D-6113212DF43B}"
EndProject
Project("{9A19103F-16F7-4668-BE54-9A1E7A4F7556}") = "Metotlar", "Metotlar\Metotlar.csproj", "{AFE1AE67-CA55-47C6-AF3E-C9FA9AB750A0}"
EndProject
Project("{FAE04EC0-301F-11D3-BF4B-00C04F79EFBC}") = "OOP1", "OOP1\OOP1.csproj", "{42063DA6-8BEC-42FF-94E4-735C2774C533}"
EndProject
Project("{FAE04EC0-301F-11D3-BF4B-00C04F79EFBC}") = "Collections", "Collections\Collections.csproj", "{999183FD-7D19-4C85-8B40-DAF06C5E2431}"
EndProject
Project("{FAE04EC0-301F-11D3-BF4B-00C04F79EFBC}") = "GenericsIntro", "GenericsIntro\GenericsIntro.csproj", "{BD83E186-E852-4166-893A-CA5B30682ACA}"
EndProject
Project("{FAE04EC0-301F-11D3-BF4B-00C04F79EFBC}") = "OOP2", "OOP2\OOP2.csproj", "{2C7686B9-F43B-4FCC-ADBD-F1B5914AE4D6}"
EndProject
Project("{FAE04EC0-301F-11D3-BF4B-00C04F79EFBC}") = "OOP3", "OOP3\OOP3.csproj", "{4EF594EA-A66F-45C7-9804-99FB826D413C}"
EndProject
Global
	GlobalSection(SolutionConfigurationPlatforms) = preSolution
		Debug|Any CPU = Debug|Any CPU
		Release|Any CPU = Release|Any CPU
	EndGlobalSection
	GlobalSection(ProjectConfigurationPlatforms) = postSolution
		{EC70EE81-DE63-42C2-A23A-DAEEA2BF1EB0}.Debug|Any CPU.ActiveCfg = Debug|Any CPU
		{EC70EE81-DE63-42C2-A23A-DAEEA2BF1EB0}.Debug|Any CPU.Build.0 = Debug|Any CPU
		{EC70EE81-DE63-42C2-A23A-DAEEA2BF1EB0}.Release|Any CPU.ActiveCfg = Release|Any CPU
		{EC70EE81-DE63-42C2-A23A-DAEEA2BF1EB0}.Release|Any CPU.Build.0 = Release|Any CPU
		{FBD6F6BB-6759-4EB0-9683-6FF1388FEE42}.Debug|Any CPU.ActiveCfg = Debug|Any CPU
		{FBD6F6BB-6759-4EB0-9683-6FF1388FEE42}.Debug|Any CPU.Build.0 = Debug|Any CPU
		{FBD6F6BB-6759-4EB0-9683-6FF1388FEE42}.Release|Any CPU.ActiveCfg = Release|Any CPU
		{FBD6F6BB-6759-4EB0-9683-6FF1388FEE42}.Release|Any CPU.Build.0 = Release|Any CPU
		{4E835D9F-A94F-4FC7-870D-6113212DF43B}.Debug|Any CPU.ActiveCfg = Debug|Any CPU
		{4E835D9F-A94F-4FC7-870D-6113212DF43B}.Debug|Any CPU.Build.0 = Debug|Any CPU
		{4E835D9F-A94F-4FC7-870D-6113212DF43B}.Release|Any CPU.ActiveCfg = Release|Any CPU
		{4E835D9F-A94F-4FC7-870D-6113212DF43B}.Release|Any CPU.Build.0 = Release|Any CPU
		{AFE1AE67-CA55-47C6-AF3E-C9FA9AB750A0}.Debug|Any CPU.ActiveCfg = Debug|Any CPU
		{AFE1AE67-CA55-47C6-AF3E-C9FA9AB750A0}.Debug|Any CPU.Build.0 = Debug|Any CPU
		{AFE1AE67-CA55-47C6-AF3E-C9FA9AB750A0}.Release|Any CPU.ActiveCfg = Release|Any CPU
		{AFE1AE67-CA55-47C6-AF3E-C9FA9AB750A0}.Release|Any CPU.Build.0 = Release|Any CPU
		{42063DA6-8BEC-42FF-94E4-735C2774C533}.Debug|Any CPU.ActiveCfg = Debug|Any CPU
		{42063DA6-8BEC-42FF-94E4-735C2774C533}.Debug|Any CPU.Build.0 = Debug|Any CPU
		{42063DA6-8BEC-42FF-94E4-735C2774C533}.Release|Any CPU.ActiveCfg = Release|Any CPU
		{42063DA6-8BEC-42FF-94E4-735C2774C533}.Release|Any CPU.Build.0 = Release|Any CPU
		{999183FD-7D19-4C85-8B40-DAF06C5E2431}.Debug|Any CPU.ActiveCfg = Debug|Any CPU
		{999183FD-7D19-4C85-8B40-DAF06C5E2431}.Debug|Any CPU.Build.0 = Debug|Any CPU
		{999183FD-7D19-4C85-8B40-DAF06C5E2431}.Release|Any CPU.ActiveCfg = Release|Any CPU
		{999183FD-7D19-4C85-8B40-DAF06C5E2431}.Release|Any CPU.Build.0 = Release|Any CPU
		{BD83E186-E852-4166-893A-CA5B30682ACA}.Debug|Any CPU.ActiveCfg = Debug|Any CPU
		{BD83E186-E852-4166-893A-CA5B30682ACA}.Debug|Any CPU.Build.0 = Debug|Any CPU
		{BD83E186-E852-4166-893A-CA5B30682ACA}.Release|Any CPU.ActiveCfg = Release|Any CPU
		{BD83E186-E852-4166-893A-CA5B30682ACA}.Release|Any CPU.Build.0 = Release|Any CPU
		{2C7686B9-F43B-4FCC-ADBD-F1B5914AE4D6}.Debug|Any CPU.ActiveCfg = Debug|Any CPU
		{2C7686B9-F43B-4FCC-ADBD-F1B5914AE4D6}.Debug|Any CPU.Build.0 = Debug|Any CPU
		{2C7686B9-F43B-4FCC-ADBD-F1B5914AE4D6}.Release|Any CPU.ActiveCfg = Release|Any CPU
		{2C7686B9-F43B-4FCC-ADBD-F1B5914AE4D6}.Release|Any CPU.Build.0 = Release|Any CPU
		{4EF594EA-A66F-45C7-9804-99FB826D413C}.Debug|Any CPU.ActiveCfg = Debug|Any CPU
		{4EF594EA-A66F-45C7-9804-99FB826D413C}.Debug|Any CPU.Build.0 = Debug|Any CPU
		{4EF594EA-A66F-45C7-9804-99FB826D413C}.Release|Any CPU.ActiveCfg = Release|Any CPU
		{4EF594EA-A66F-45C7-9804-99FB826D413C}.Release|Any CPU.Build.0 = Release|Any CPU
	EndGlobalSection
	GlobalSection(SolutionProperties) = preSolution
		HideSolutionNode = FALSE
	EndGlobalSection
	GlobalSection(ExtensibilityGlobals) = postSolution
		SolutionGuid = {D85FDB47-97BA-42CA-BDA1-AC889BBA7F57}
	EndGlobalSection
EndGlobal
